# THIS IS AN AUTOGENERATED FILE. DO NOT EDIT THIS FILE DIRECTLY.
# yarn lockfile v1


cli-table@^0.3.11:
  version "0.3.11"
  resolved "https://registry.npmjs.org/cli-table/-/cli-table-0.3.11.tgz#ac69cdecbe81dccdba4889b9a18b7da312a9d3ee"
  integrity sha512-IqLQi4lO0nIB4tcdTpN4LCB9FI3uqrJZK7RC515EnhZ6qBaglkIgICb1wjeAqpdoOabm1+SuQtkXIPdYC93jhQ==
  dependencies:
    colors "1.0.3"

colors@1.0.3:
  version "1.0.3"
  resolved "https://registry.npmjs.org/colors/-/colors-1.0.3.tgz#0433f44d809680fdeb60ed260f1b0c262e82a40b"
  integrity sha512-pFGrxThWcWQ2MsAz6RtgeWe4NK2kUE1WfsrvvlctdII745EW9I0yflqhe7++M5LEc7bV2c/9/5zc8sFcpL0Drw==

fast-levenshtein@^3.0.0:
  version "3.0.0"
  resolved "https://registry.npmjs.org/fast-levenshtein/-/fast-levenshtein-3.0.0.tgz#37b899ae47e1090e40e3fd2318e4d5f0142ca912"
  integrity sha512-hKKNajm46uNmTlhHSyZkmToAc56uZJwYq7yrciZjqOxnlfQwERDQJmHPUp7m1m9wx8vgOe8IaCKZ5Kv2k1DdCQ==
  dependencies:
    fastest-levenshtein "^1.0.7"

fastest-levenshtein@^1.0.7:
  version "1.0.16"
  resolved "https://registry.npmjs.org/fastest-levenshtein/-/fastest-levenshtein-1.0.16.tgz#210e61b6ff181de91ea9b3d1b84fdedd47e034e5"
  integrity sha512-eRnCtTTtGZFpQCwhJiUOuxPQWRXVKYDn0b2PeHfXL6/Zi53SLAzAHfVhVWK2AryC/WH05kGfxhFIPvTF0SXQzg==

fdir@^6.0.1:
  version "6.0.1"
  resolved "https://registry.npmjs.org/fdir/-/fdir-6.0.1.tgz#1edca6c0295d072802e2c67a2f4fbf941cd32af5"
  integrity sha512-bdrUUb0eYQrPRlaAtlSRoLs7sp6yKEwbMQuUgwvi/14TnaqhM/deSZUrC5ic+yjm5nEPPWE61oWpTTxQFQMmLA==

string-similarity@^4.0.4:
  version "4.0.4"
  resolved "https://registry.npmjs.org/string-similarity/-/string-similarity-4.0.4.tgz#42d01ab0b34660ea8a018da8f56a3309bb8b2a5b"
  integrity sha512-/q/8Q4Bl4ZKAPjj8WerIBJWALKkaPRfrvhfF8k/B23i4nzrlRj2/go1m90In7nG/3XDSbOo0+pu6RvCTM9RGMQ==

xxhash-addon@^2.0.1:
  version "2.0.1"
  resolved "https://registry.npmjs.org/xxhash-addon/-/xxhash-addon-2.0.1.tgz#94675e4d701231a6db91a134f8fb1883fd3a330e"
  integrity sha512-Ev/Pu+WS45RKwIHmy5FkRjLmiVwdS2kbuajd4ezZJVM4YJ4tIMp6hr2d2FNMHva0RBEBI+o7Bf//9tzy6QUe+A==
